
Microsoft Visual Studio Solution File, Format Version 12.00
# Visual Studio 15
VisualStudioVersion = 15.0.26730.16
MinimumVisualStudioVersion = 10.0.40219.1
Project("{FAE04EC0-301F-11D3-BF4B-00C04F79EFBC}") = "XO-GAME", "XO-GAME\XO-GAME.csproj", "{004572B4-B7E4-4F81-BD94-FC69824A5DED}"
EndProject
Global
	GlobalSection(SolutionConfigurationPlatforms) = preSolution
		Debug|Any CPU = Debug|Any CPU
		Release|Any CPU = Release|Any CPU
	EndGlobalSection
	GlobalSection(ProjectConfigurationPlatforms) = postSolution
		{004572B4-B7E4-4F81-BD94-FC69824A5DED}.Debug|Any CPU.ActiveCfg = Debug|Any CPU
		{004572B4-B7E4-4F81-BD94-FC69824A5DED}.Debug|Any CPU.Build.0 = Debug|Any CPU
		{004572B4-B7E4-4F81-BD94-FC69824A5DED}.Release|Any CPU.ActiveCfg = Release|Any CPU
		{004572B4-B7E4-4F81-BD94-FC69824A5DED}.Release|Any CPU.Build.0 = Release|Any CPU
	EndGlobalSection
	GlobalSection(SolutionProperties) = preSolution
		HideSolutionNode = FALSE
	EndGlobalSection
	GlobalSection(ExtensibilityGlobals) = postSolution
		SolutionGuid = {86DC133B-47DA-4DEB-A2E6-3CCC302277C8}
	EndGlobalSection
EndGlobal
